
Microsoft Visual Studio Solution File, Format Version 12.00
# Visual Studio 15
VisualStudioVersion = 15.0.27703.2026
MinimumVisualStudioVersion = 10.0.40219.1
Project("{FAE04EC0-301F-11D3-BF4B-00C04F79EFBC}") = "Credemtel.CorsoCSharp.Sintassi1", "Credemtel.CorsoCSharp.Sintassi1\Credemtel.CorsoCSharp.Sintassi1.csproj", "{CE48495A-47F8-4B74-AA83-21768C7F9125}"
EndProject
Project("{FAE04EC0-301F-11D3-BF4B-00C04F79EFBC}") = "Credemtel.CorsoCSharp.Sintassi2", "Credemtel.CorsoCSharp.Sintassi2\Credemtel.CorsoCSharp.Sintassi2.csproj", "{7C99AA60-C38F-4B6A-A69F-9E47B26BCE8B}"
EndProject
Project("{FAE04EC0-301F-11D3-BF4B-00C04F79EFBC}") = "Credemtel.CorsoCSharp.ApplicationLogic", "Credemtel.CorsoCSharp.ApplicationLogic\Credemtel.CorsoCSharp.ApplicationLogic.csproj", "{190F1570-8E04-4D00-9675-FB896415B208}"
EndProject
Project("{FAE04EC0-301F-11D3-BF4B-00C04F79EFBC}") = "Credemtel.CorsoCSharp.Interfaces", "Credemtel.CorsoCSharp.Interfaces\Credemtel.CorsoCSharp.Interfaces.csproj", "{0C39C91E-0D55-4315-AD4B-DDC622E696FE}"
EndProject
Project("{FAE04EC0-301F-11D3-BF4B-00C04F79EFBC}") = "Credemtel.CorsoCSharp.Repository", "Credemtel.CorsoCSharp.Repository\Credemtel.CorsoCSharp.Repository.csproj", "{C0A87D7D-1FD4-4499-B9F6-5748DD17BC04}"
EndProject
Project("{FAE04EC0-301F-11D3-BF4B-00C04F79EFBC}") = "Credemtel.CorsoCSharp.Sintassi3", "Credemtel.CorsoCSharp.Sintassi3\Credemtel.CorsoCSharp.Sintassi3.csproj", "{55DDEFA9-04F1-4DBD-AEB2-BD0D2CA23798}"
EndProject
Project("{FAE04EC0-301F-11D3-BF4B-00C04F79EFBC}") = "Credemtel.CorsoCSharp.WindowsApp", "Credemtel.CorsoCSharp.WindowsApp\Credemtel.CorsoCSharp.WindowsApp.csproj", "{9EFD8A59-A734-49BE-A1E2-F877F639F402}"
EndProject
Global
	GlobalSection(SolutionConfigurationPlatforms) = preSolution
		Debug|Any CPU = Debug|Any CPU
		Release|Any CPU = Release|Any CPU
	EndGlobalSection
	GlobalSection(ProjectConfigurationPlatforms) = postSolution
		{CE48495A-47F8-4B74-AA83-21768C7F9125}.Debug|Any CPU.ActiveCfg = Debug|Any CPU
		{CE48495A-47F8-4B74-AA83-21768C7F9125}.Debug|Any CPU.Build.0 = Debug|Any CPU
		{CE48495A-47F8-4B74-AA83-21768C7F9125}.Release|Any CPU.ActiveCfg = Release|Any CPU
		{CE48495A-47F8-4B74-AA83-21768C7F9125}.Release|Any CPU.Build.0 = Release|Any CPU
		{7C99AA60-C38F-4B6A-A69F-9E47B26BCE8B}.Debug|Any CPU.ActiveCfg = Debug|Any CPU
		{7C99AA60-C38F-4B6A-A69F-9E47B26BCE8B}.Debug|Any CPU.Build.0 = Debug|Any CPU
		{7C99AA60-C38F-4B6A-A69F-9E47B26BCE8B}.Release|Any CPU.ActiveCfg = Release|Any CPU
		{7C99AA60-C38F-4B6A-A69F-9E47B26BCE8B}.Release|Any CPU.Build.0 = Release|Any CPU
		{190F1570-8E04-4D00-9675-FB896415B208}.Debug|Any CPU.ActiveCfg = Debug|Any CPU
		{190F1570-8E04-4D00-9675-FB896415B208}.Debug|Any CPU.Build.0 = Debug|Any CPU
		{190F1570-8E04-4D00-9675-FB896415B208}.Release|Any CPU.ActiveCfg = Release|Any CPU
		{190F1570-8E04-4D00-9675-FB896415B208}.Release|Any CPU.Build.0 = Release|Any CPU
		{0C39C91E-0D55-4315-AD4B-DDC622E696FE}.Debug|Any CPU.ActiveCfg = Debug|Any CPU
		{0C39C91E-0D55-4315-AD4B-DDC622E696FE}.Debug|Any CPU.Build.0 = Debug|Any CPU
		{0C39C91E-0D55-4315-AD4B-DDC622E696FE}.Release|Any CPU.ActiveCfg = Release|Any CPU
		{0C39C91E-0D55-4315-AD4B-DDC622E696FE}.Release|Any CPU.Build.0 = Release|Any CPU
		{C0A87D7D-1FD4-4499-B9F6-5748DD17BC04}.Debug|Any CPU.ActiveCfg = Debug|Any CPU
		{C0A87D7D-1FD4-4499-B9F6-5748DD17BC04}.Debug|Any CPU.Build.0 = Debug|Any CPU
		{C0A87D7D-1FD4-4499-B9F6-5748DD17BC04}.Release|Any CPU.ActiveCfg = Release|Any CPU
		{C0A87D7D-1FD4-4499-B9F6-5748DD17BC04}.Release|Any CPU.Build.0 = Release|Any CPU
		{55DDEFA9-04F1-4DBD-AEB2-BD0D2CA23798}.Debug|Any CPU.ActiveCfg = Debug|Any CPU
		{55DDEFA9-04F1-4DBD-AEB2-BD0D2CA23798}.Debug|Any CPU.Build.0 = Debug|Any CPU
		{55DDEFA9-04F1-4DBD-AEB2-BD0D2CA23798}.Release|Any CPU.ActiveCfg = Release|Any CPU
		{55DDEFA9-04F1-4DBD-AEB2-BD0D2CA23798}.Release|Any CPU.Build.0 = Release|Any CPU
		{9EFD8A59-A734-49BE-A1E2-F877F639F402}.Debug|Any CPU.ActiveCfg = Debug|Any CPU
		{9EFD8A59-A734-49BE-A1E2-F877F639F402}.Debug|Any CPU.Build.0 = Debug|Any CPU
		{9EFD8A59-A734-49BE-A1E2-F877F639F402}.Release|Any CPU.ActiveCfg = Release|Any CPU
		{9EFD8A59-A734-49BE-A1E2-F877F639F402}.Release|Any CPU.Build.0 = Release|Any CPU
	EndGlobalSection
	GlobalSection(SolutionProperties) = preSolution
		HideSolutionNode = FALSE
	EndGlobalSection
	GlobalSection(ExtensibilityGlobals) = postSolution
		SolutionGuid = {0AF2AABC-9E72-4766-97E5-C30BB58F350D}
	EndGlobalSection
EndGlobal
